
Microsoft Visual Studio Solution File, Format Version 12.00
# Visual Studio Version 17
VisualStudioVersion = 17.8.34309.116
MinimumVisualStudioVersion = 10.0.40219.1
Project("{FAE04EC0-301F-11D3-BF4B-00C04F79EFBC}") = "JzOfficialWebsite", "JzOfficialWebsite\JzOfficialWebsite.csproj", "{19AD1936-8E8B-41EC-8AA8-556E5EECD42F}"
EndProject
Global
	GlobalSection(SolutionConfigurationPlatforms) = preSolution
		Debug|Any CPU = Debug|Any CPU
		Release|Any CPU = Release|Any CPU
	EndGlobalSection
	GlobalSection(ProjectConfigurationPlatforms) = postSolution
		{19AD1936-8E8B-41EC-8AA8-556E5EECD42F}.Debug|Any CPU.ActiveCfg = Debug|Any CPU
		{19AD1936-8E8B-41EC-8AA8-556E5EECD42F}.Debug|Any CPU.Build.0 = Debug|Any CPU
		{19AD1936-8E8B-41EC-8AA8-556E5EECD42F}.Release|Any CPU.ActiveCfg = Release|Any CPU
		{19AD1936-8E8B-41EC-8AA8-556E5EECD42F}.Release|Any CPU.Build.0 = Release|Any CPU
	EndGlobalSection
	GlobalSection(SolutionProperties) = preSolution
		HideSolutionNode = FALSE
	EndGlobalSection
	GlobalSection(ExtensibilityGlobals) = postSolution
		SolutionGuid = {EED9215F-7697-4EA6-A40D-66EC4B1562A4}
	EndGlobalSection
EndGlobal
